# @generated by Move, please check-in and do not edit manually.

[move]
version = 3
manifest_digest = "4D5425B39E3A0A36A58992F40D477FF3A2EE3D755AB61BD85990C20CADFE108B"
deps_digest = "F8BBB0CCB2491CA29A3DF03D6F92277A4F3574266507ACD77214D37ECA3F3082"
dependencies = [
  { id = "Sui", name = "Sui" },
]

[[move.package]]
id = "MoveStdlib"
source = { git = "https://github.com/MystenLabs/sui.git", rev = "framework/testnet", subdir = "crates\\sui-framework\\packages\\move-stdlib" }

[[move.package]]
id = "Sui"
source = { git = "https://github.com/MystenLabs/sui.git", rev = "framework/testnet", subdir = "crates/sui-framework/packages/sui-framework" }

dependencies = [
  { id = "MoveStdlib", name = "MoveStdlib" },
]

[move.toolchain-version]
compiler-version = "1.62.0"
edition = "2024.beta"
flavor = "sui"

[env]

[env.testnet]
chain-id = "4c78adac"
original-published-id = "0xe8fd4cdccd697947bdb84f357eadb626bafac3db769c228336ebcd1ad6ca9081"
latest-published-id = "0xe8fd4cdccd697947bdb84f357eadb626bafac3db769c228336ebcd1ad6ca9081"
published-version = "1"
